
Microsoft Visual Studio Solution File, Format Version 12.00
# Visual Studio Version 17
VisualStudioVersion = 17.6.33829.357
MinimumVisualStudioVersion = 10.0.40219.1
Project("{FAE04EC0-301F-11D3-BF4B-00C04F79EFBC}") = "c# ders 4", "c# ders 4\c# ders 4.csproj", "{192DA140-21F9-48F5-9C58-95C9E1343791}"
EndProject
Global
	GlobalSection(SolutionConfigurationPlatforms) = preSolution
		Debug|Any CPU = Debug|Any CPU
		Release|Any CPU = Release|Any CPU
	EndGlobalSection
	GlobalSection(ProjectConfigurationPlatforms) = postSolution
		{192DA140-21F9-48F5-9C58-95C9E1343791}.Debug|Any CPU.ActiveCfg = Debug|Any CPU
		{192DA140-21F9-48F5-9C58-95C9E1343791}.Debug|Any CPU.Build.0 = Debug|Any CPU
		{192DA140-21F9-48F5-9C58-95C9E1343791}.Release|Any CPU.ActiveCfg = Release|Any CPU
		{192DA140-21F9-48F5-9C58-95C9E1343791}.Release|Any CPU.Build.0 = Release|Any CPU
	EndGlobalSection
	GlobalSection(SolutionProperties) = preSolution
		HideSolutionNode = FALSE
	EndGlobalSection
	GlobalSection(ExtensibilityGlobals) = postSolution
		SolutionGuid = {4A773A52-5C9C-44DE-B065-8BD9CA5A08EB}
	EndGlobalSection
EndGlobal
